{
  "object": {
    "pins": [
      {
        "package": "Alamofire",
        "repositoryURL": "https://gitee.com/Nealios/Alamofire.git",
        "state": {
          "branch": null,
          "revision": "ce5be6fbc6f51414c49f56fc8e2b7c99253d9f8e",
          "version": "4.9.0"
        }
      },
      {
        "package": "ECGRect",
        "repositoryURL": "https://github.com/NealWills/ECGRect.git",
        "state": {
          "branch": "master",
          "revision": "547b2b0d42acba08a757a7391fe105351e858055",
          "version": null
        }
      },
      {
        "package": "RxSwift",
        "repositoryURL": "https://gitee.com/Nealios/RxSwift.git",
        "state": {
          "branch": null,
          "revision": "b3e888b4972d9bc76495dd74d30a8c7fad4b9395",
          "version": "5.0.1"
        }
      }
    ]
  },
  "version": 1
}
